
Microsoft Visual Studio Solution File, Format Version 11.00
# Visual C++ Express 2010
Project("{8BC9CEB8-8B4A-11D0-8D11-00A0C91BC942}") = "BOJ_9086", "BOJ_9086\BOJ_9086.vcxproj", "{653EDEB8-6E6D-4496-8457-4CF344A15BB7}"
EndProject
Global
	GlobalSection(SolutionConfigurationPlatforms) = preSolution
		Debug|Win32 = Debug|Win32
		Release|Win32 = Release|Win32
	EndGlobalSection
	GlobalSection(ProjectConfigurationPlatforms) = postSolution
		{653EDEB8-6E6D-4496-8457-4CF344A15BB7}.Debug|Win32.ActiveCfg = Debug|Win32
		{653EDEB8-6E6D-4496-8457-4CF344A15BB7}.Debug|Win32.Build.0 = Debug|Win32
		{653EDEB8-6E6D-4496-8457-4CF344A15BB7}.Release|Win32.ActiveCfg = Release|Win32
		{653EDEB8-6E6D-4496-8457-4CF344A15BB7}.Release|Win32.Build.0 = Release|Win32
	EndGlobalSection
	GlobalSection(SolutionProperties) = preSolution
		HideSolutionNode = FALSE
	EndGlobalSection
EndGlobal
