
Microsoft Visual Studio Solution File, Format Version 11.00
# Visual C++ Express 2010
Project("{8BC9CEB8-8B4A-11D0-8D11-00A0C91BC942}") = "BOJ_1598", "BOJ_1598\BOJ_1598.vcxproj", "{5115B500-E25B-4854-9847-2E4841778652}"
EndProject
Global
	GlobalSection(SolutionConfigurationPlatforms) = preSolution
		Debug|Win32 = Debug|Win32
		Release|Win32 = Release|Win32
	EndGlobalSection
	GlobalSection(ProjectConfigurationPlatforms) = postSolution
		{5115B500-E25B-4854-9847-2E4841778652}.Debug|Win32.ActiveCfg = Debug|Win32
		{5115B500-E25B-4854-9847-2E4841778652}.Debug|Win32.Build.0 = Debug|Win32
		{5115B500-E25B-4854-9847-2E4841778652}.Release|Win32.ActiveCfg = Release|Win32
		{5115B500-E25B-4854-9847-2E4841778652}.Release|Win32.Build.0 = Release|Win32
	EndGlobalSection
	GlobalSection(SolutionProperties) = preSolution
		HideSolutionNode = FALSE
	EndGlobalSection
EndGlobal
