
Microsoft Visual Studio Solution File, Format Version 11.00
# Visual C++ Express 2010
Project("{8BC9CEB8-8B4A-11D0-8D11-00A0C91BC942}") = "BOJ_11134", "BOJ_11134\BOJ_11134.vcxproj", "{0A5A2944-A25E-4F2B-9E63-FB183FA5A836}"
EndProject
Global
	GlobalSection(SolutionConfigurationPlatforms) = preSolution
		Debug|Win32 = Debug|Win32
		Release|Win32 = Release|Win32
	EndGlobalSection
	GlobalSection(ProjectConfigurationPlatforms) = postSolution
		{0A5A2944-A25E-4F2B-9E63-FB183FA5A836}.Debug|Win32.ActiveCfg = Debug|Win32
		{0A5A2944-A25E-4F2B-9E63-FB183FA5A836}.Debug|Win32.Build.0 = Debug|Win32
		{0A5A2944-A25E-4F2B-9E63-FB183FA5A836}.Release|Win32.ActiveCfg = Release|Win32
		{0A5A2944-A25E-4F2B-9E63-FB183FA5A836}.Release|Win32.Build.0 = Release|Win32
	EndGlobalSection
	GlobalSection(SolutionProperties) = preSolution
		HideSolutionNode = FALSE
	EndGlobalSection
EndGlobal
