
Microsoft Visual Studio Solution File, Format Version 11.00
# Visual C++ Express 2010
Project("{8BC9CEB8-8B4A-11D0-8D11-00A0C91BC942}") = "BOJ_2178", "BOJ_2178\BOJ_2178.vcxproj", "{80573A0D-8959-40C7-BF96-16D1EB532469}"
EndProject
Global
	GlobalSection(SolutionConfigurationPlatforms) = preSolution
		Debug|Win32 = Debug|Win32
		Release|Win32 = Release|Win32
	EndGlobalSection
	GlobalSection(ProjectConfigurationPlatforms) = postSolution
		{80573A0D-8959-40C7-BF96-16D1EB532469}.Debug|Win32.ActiveCfg = Debug|Win32
		{80573A0D-8959-40C7-BF96-16D1EB532469}.Debug|Win32.Build.0 = Debug|Win32
		{80573A0D-8959-40C7-BF96-16D1EB532469}.Release|Win32.ActiveCfg = Release|Win32
		{80573A0D-8959-40C7-BF96-16D1EB532469}.Release|Win32.Build.0 = Release|Win32
	EndGlobalSection
	GlobalSection(SolutionProperties) = preSolution
		HideSolutionNode = FALSE
	EndGlobalSection
EndGlobal
