
Microsoft Visual Studio Solution File, Format Version 11.00
# Visual C++ Express 2010
Project("{8BC9CEB8-8B4A-11D0-8D11-00A0C91BC942}") = "BOJ_2644", "BOJ_2644\BOJ_2644.vcxproj", "{F98478FA-80AC-4ADD-A970-41F20C091DA5}"
EndProject
Global
	GlobalSection(SolutionConfigurationPlatforms) = preSolution
		Debug|Win32 = Debug|Win32
		Release|Win32 = Release|Win32
	EndGlobalSection
	GlobalSection(ProjectConfigurationPlatforms) = postSolution
		{F98478FA-80AC-4ADD-A970-41F20C091DA5}.Debug|Win32.ActiveCfg = Debug|Win32
		{F98478FA-80AC-4ADD-A970-41F20C091DA5}.Debug|Win32.Build.0 = Debug|Win32
		{F98478FA-80AC-4ADD-A970-41F20C091DA5}.Release|Win32.ActiveCfg = Release|Win32
		{F98478FA-80AC-4ADD-A970-41F20C091DA5}.Release|Win32.Build.0 = Release|Win32
	EndGlobalSection
	GlobalSection(SolutionProperties) = preSolution
		HideSolutionNode = FALSE
	EndGlobalSection
EndGlobal
