
Microsoft Visual Studio Solution File, Format Version 11.00
# Visual C++ Express 2010
Project("{8BC9CEB8-8B4A-11D0-8D11-00A0C91BC942}") = "BOJ_9417", "BOJ_9417\BOJ_9417.vcxproj", "{C205F0E2-82D0-448C-B3B6-3FE10F0A7EFE}"
EndProject
Global
	GlobalSection(SolutionConfigurationPlatforms) = preSolution
		Debug|Win32 = Debug|Win32
		Release|Win32 = Release|Win32
	EndGlobalSection
	GlobalSection(ProjectConfigurationPlatforms) = postSolution
		{C205F0E2-82D0-448C-B3B6-3FE10F0A7EFE}.Debug|Win32.ActiveCfg = Debug|Win32
		{C205F0E2-82D0-448C-B3B6-3FE10F0A7EFE}.Debug|Win32.Build.0 = Debug|Win32
		{C205F0E2-82D0-448C-B3B6-3FE10F0A7EFE}.Release|Win32.ActiveCfg = Release|Win32
		{C205F0E2-82D0-448C-B3B6-3FE10F0A7EFE}.Release|Win32.Build.0 = Release|Win32
	EndGlobalSection
	GlobalSection(SolutionProperties) = preSolution
		HideSolutionNode = FALSE
	EndGlobalSection
EndGlobal
