
Microsoft Visual Studio Solution File, Format Version 12.00
# Visual Studio Version 16
VisualStudioVersion = 16.0.31229.75
MinimumVisualStudioVersion = 10.0.40219.1
Project("{8BC9CEB8-8B4A-11D0-8D11-00A0C91BC942}") = "BOJ_10718", "BOJ_10718\BOJ_10718.vcxproj", "{929D8C8D-97B4-45FA-A04E-6E2A0D8D78BC}"
EndProject
Global
	GlobalSection(SolutionConfigurationPlatforms) = preSolution
		Debug|x64 = Debug|x64
		Debug|x86 = Debug|x86
		Release|x64 = Release|x64
		Release|x86 = Release|x86
	EndGlobalSection
	GlobalSection(ProjectConfigurationPlatforms) = postSolution
		{929D8C8D-97B4-45FA-A04E-6E2A0D8D78BC}.Debug|x64.ActiveCfg = Debug|x64
		{929D8C8D-97B4-45FA-A04E-6E2A0D8D78BC}.Debug|x64.Build.0 = Debug|x64
		{929D8C8D-97B4-45FA-A04E-6E2A0D8D78BC}.Debug|x86.ActiveCfg = Debug|Win32
		{929D8C8D-97B4-45FA-A04E-6E2A0D8D78BC}.Debug|x86.Build.0 = Debug|Win32
		{929D8C8D-97B4-45FA-A04E-6E2A0D8D78BC}.Release|x64.ActiveCfg = Release|x64
		{929D8C8D-97B4-45FA-A04E-6E2A0D8D78BC}.Release|x64.Build.0 = Release|x64
		{929D8C8D-97B4-45FA-A04E-6E2A0D8D78BC}.Release|x86.ActiveCfg = Release|Win32
		{929D8C8D-97B4-45FA-A04E-6E2A0D8D78BC}.Release|x86.Build.0 = Release|Win32
	EndGlobalSection
	GlobalSection(SolutionProperties) = preSolution
		HideSolutionNode = FALSE
	EndGlobalSection
	GlobalSection(ExtensibilityGlobals) = postSolution
		SolutionGuid = {4243C2C0-3537-451E-819A-398BFE87161B}
	EndGlobalSection
EndGlobal
