
Microsoft Visual Studio Solution File, Format Version 11.00
# Visual C++ Express 2010
Project("{8BC9CEB8-8B4A-11D0-8D11-00A0C91BC942}") = "BOJ_11052", "BOJ_11052\BOJ_11052.vcxproj", "{60E08280-719D-4574-840A-E4BD28062EB5}"
EndProject
Global
	GlobalSection(SolutionConfigurationPlatforms) = preSolution
		Debug|Win32 = Debug|Win32
		Release|Win32 = Release|Win32
	EndGlobalSection
	GlobalSection(ProjectConfigurationPlatforms) = postSolution
		{60E08280-719D-4574-840A-E4BD28062EB5}.Debug|Win32.ActiveCfg = Debug|Win32
		{60E08280-719D-4574-840A-E4BD28062EB5}.Debug|Win32.Build.0 = Debug|Win32
		{60E08280-719D-4574-840A-E4BD28062EB5}.Release|Win32.ActiveCfg = Release|Win32
		{60E08280-719D-4574-840A-E4BD28062EB5}.Release|Win32.Build.0 = Release|Win32
	EndGlobalSection
	GlobalSection(SolutionProperties) = preSolution
		HideSolutionNode = FALSE
	EndGlobalSection
EndGlobal
