
Microsoft Visual Studio Solution File, Format Version 11.00
# Visual C++ Express 2010
Project("{8BC9CEB8-8B4A-11D0-8D11-00A0C91BC942}") = "BOJ_4673", "BOJ_4673\BOJ_4673.vcxproj", "{323C990E-2E2C-4142-B717-E7AEC9CE4144}"
EndProject
Global
	GlobalSection(SolutionConfigurationPlatforms) = preSolution
		Debug|Win32 = Debug|Win32
		Release|Win32 = Release|Win32
	EndGlobalSection
	GlobalSection(ProjectConfigurationPlatforms) = postSolution
		{323C990E-2E2C-4142-B717-E7AEC9CE4144}.Debug|Win32.ActiveCfg = Debug|Win32
		{323C990E-2E2C-4142-B717-E7AEC9CE4144}.Debug|Win32.Build.0 = Debug|Win32
		{323C990E-2E2C-4142-B717-E7AEC9CE4144}.Release|Win32.ActiveCfg = Release|Win32
		{323C990E-2E2C-4142-B717-E7AEC9CE4144}.Release|Win32.Build.0 = Release|Win32
	EndGlobalSection
	GlobalSection(SolutionProperties) = preSolution
		HideSolutionNode = FALSE
	EndGlobalSection
EndGlobal
