
Microsoft Visual Studio Solution File, Format Version 11.00
# Visual C++ Express 2010
Project("{8BC9CEB8-8B4A-11D0-8D11-00A0C91BC942}") = "BOJ_1157", "BOJ_1157\BOJ_1157.vcxproj", "{B6E467B8-EAD8-4414-AE7F-2AA01D4B1999}"
EndProject
Global
	GlobalSection(SolutionConfigurationPlatforms) = preSolution
		Debug|Win32 = Debug|Win32
		Release|Win32 = Release|Win32
	EndGlobalSection
	GlobalSection(ProjectConfigurationPlatforms) = postSolution
		{B6E467B8-EAD8-4414-AE7F-2AA01D4B1999}.Debug|Win32.ActiveCfg = Debug|Win32
		{B6E467B8-EAD8-4414-AE7F-2AA01D4B1999}.Debug|Win32.Build.0 = Debug|Win32
		{B6E467B8-EAD8-4414-AE7F-2AA01D4B1999}.Release|Win32.ActiveCfg = Release|Win32
		{B6E467B8-EAD8-4414-AE7F-2AA01D4B1999}.Release|Win32.Build.0 = Release|Win32
	EndGlobalSection
	GlobalSection(SolutionProperties) = preSolution
		HideSolutionNode = FALSE
	EndGlobalSection
EndGlobal
