
Microsoft Visual Studio Solution File, Format Version 11.00
# Visual C++ Express 2010
Project("{8BC9CEB8-8B4A-11D0-8D11-00A0C91BC942}") = "BOJ_14405", "BOJ_14405\BOJ_14405.vcxproj", "{DC8FCF7D-A8A9-44C8-8F76-FEE9473A11AA}"
EndProject
Global
	GlobalSection(SolutionConfigurationPlatforms) = preSolution
		Debug|Win32 = Debug|Win32
		Release|Win32 = Release|Win32
	EndGlobalSection
	GlobalSection(ProjectConfigurationPlatforms) = postSolution
		{DC8FCF7D-A8A9-44C8-8F76-FEE9473A11AA}.Debug|Win32.ActiveCfg = Debug|Win32
		{DC8FCF7D-A8A9-44C8-8F76-FEE9473A11AA}.Debug|Win32.Build.0 = Debug|Win32
		{DC8FCF7D-A8A9-44C8-8F76-FEE9473A11AA}.Release|Win32.ActiveCfg = Release|Win32
		{DC8FCF7D-A8A9-44C8-8F76-FEE9473A11AA}.Release|Win32.Build.0 = Release|Win32
	EndGlobalSection
	GlobalSection(SolutionProperties) = preSolution
		HideSolutionNode = FALSE
	EndGlobalSection
EndGlobal
