
Microsoft Visual Studio Solution File, Format Version 11.00
# Visual C++ Express 2010
Project("{8BC9CEB8-8B4A-11D0-8D11-00A0C91BC942}") = "BOJ_9012", "BOJ_9012\BOJ_9012.vcxproj", "{97605C36-69C5-468A-9502-8F7EB3DD1287}"
EndProject
Global
	GlobalSection(SolutionConfigurationPlatforms) = preSolution
		Debug|Win32 = Debug|Win32
		Release|Win32 = Release|Win32
	EndGlobalSection
	GlobalSection(ProjectConfigurationPlatforms) = postSolution
		{97605C36-69C5-468A-9502-8F7EB3DD1287}.Debug|Win32.ActiveCfg = Debug|Win32
		{97605C36-69C5-468A-9502-8F7EB3DD1287}.Debug|Win32.Build.0 = Debug|Win32
		{97605C36-69C5-468A-9502-8F7EB3DD1287}.Release|Win32.ActiveCfg = Release|Win32
		{97605C36-69C5-468A-9502-8F7EB3DD1287}.Release|Win32.Build.0 = Release|Win32
	EndGlobalSection
	GlobalSection(SolutionProperties) = preSolution
		HideSolutionNode = FALSE
	EndGlobalSection
EndGlobal
