
Microsoft Visual Studio Solution File, Format Version 11.00
# Visual C++ Express 2010
Project("{8BC9CEB8-8B4A-11D0-8D11-00A0C91BC942}") = "BOJ_14490", "BOJ_14490\BOJ_14490.vcxproj", "{E9B03354-609A-44BF-8C2C-7F1A01D6C433}"
EndProject
Global
	GlobalSection(SolutionConfigurationPlatforms) = preSolution
		Debug|Win32 = Debug|Win32
		Release|Win32 = Release|Win32
	EndGlobalSection
	GlobalSection(ProjectConfigurationPlatforms) = postSolution
		{E9B03354-609A-44BF-8C2C-7F1A01D6C433}.Debug|Win32.ActiveCfg = Debug|Win32
		{E9B03354-609A-44BF-8C2C-7F1A01D6C433}.Debug|Win32.Build.0 = Debug|Win32
		{E9B03354-609A-44BF-8C2C-7F1A01D6C433}.Release|Win32.ActiveCfg = Release|Win32
		{E9B03354-609A-44BF-8C2C-7F1A01D6C433}.Release|Win32.Build.0 = Release|Win32
	EndGlobalSection
	GlobalSection(SolutionProperties) = preSolution
		HideSolutionNode = FALSE
	EndGlobalSection
EndGlobal
