
Microsoft Visual Studio Solution File, Format Version 12.00
# Visual Studio Version 16
VisualStudioVersion = 16.0.31229.75
MinimumVisualStudioVersion = 10.0.40219.1
Project("{8BC9CEB8-8B4A-11D0-8D11-00A0C91BC942}") = "BOJ_1001", "BOJ_1001\BOJ_1001.vcxproj", "{1543C6B7-7521-485C-8F61-E787A62EE90A}"
EndProject
Global
	GlobalSection(SolutionConfigurationPlatforms) = preSolution
		Debug|x64 = Debug|x64
		Debug|x86 = Debug|x86
		Release|x64 = Release|x64
		Release|x86 = Release|x86
	EndGlobalSection
	GlobalSection(ProjectConfigurationPlatforms) = postSolution
		{1543C6B7-7521-485C-8F61-E787A62EE90A}.Debug|x64.ActiveCfg = Debug|x64
		{1543C6B7-7521-485C-8F61-E787A62EE90A}.Debug|x64.Build.0 = Debug|x64
		{1543C6B7-7521-485C-8F61-E787A62EE90A}.Debug|x86.ActiveCfg = Debug|Win32
		{1543C6B7-7521-485C-8F61-E787A62EE90A}.Debug|x86.Build.0 = Debug|Win32
		{1543C6B7-7521-485C-8F61-E787A62EE90A}.Release|x64.ActiveCfg = Release|x64
		{1543C6B7-7521-485C-8F61-E787A62EE90A}.Release|x64.Build.0 = Release|x64
		{1543C6B7-7521-485C-8F61-E787A62EE90A}.Release|x86.ActiveCfg = Release|Win32
		{1543C6B7-7521-485C-8F61-E787A62EE90A}.Release|x86.Build.0 = Release|Win32
	EndGlobalSection
	GlobalSection(SolutionProperties) = preSolution
		HideSolutionNode = FALSE
	EndGlobalSection
	GlobalSection(ExtensibilityGlobals) = postSolution
		SolutionGuid = {066F1791-968C-4F42-A11E-AD000DFC8E37}
	EndGlobalSection
EndGlobal
