
Microsoft Visual Studio Solution File, Format Version 12.00
# Visual Studio Version 16
VisualStudioVersion = 16.0.31229.75
MinimumVisualStudioVersion = 10.0.40219.1
Project("{8BC9CEB8-8B4A-11D0-8D11-00A0C91BC942}") = "BOJ_2161", "BOJ_2161\BOJ_2161.vcxproj", "{E5E99F88-A28D-45BE-94FF-A32468D41F42}"
EndProject
Global
	GlobalSection(SolutionConfigurationPlatforms) = preSolution
		Debug|x64 = Debug|x64
		Debug|x86 = Debug|x86
		Release|x64 = Release|x64
		Release|x86 = Release|x86
	EndGlobalSection
	GlobalSection(ProjectConfigurationPlatforms) = postSolution
		{E5E99F88-A28D-45BE-94FF-A32468D41F42}.Debug|x64.ActiveCfg = Debug|x64
		{E5E99F88-A28D-45BE-94FF-A32468D41F42}.Debug|x64.Build.0 = Debug|x64
		{E5E99F88-A28D-45BE-94FF-A32468D41F42}.Debug|x86.ActiveCfg = Debug|Win32
		{E5E99F88-A28D-45BE-94FF-A32468D41F42}.Debug|x86.Build.0 = Debug|Win32
		{E5E99F88-A28D-45BE-94FF-A32468D41F42}.Release|x64.ActiveCfg = Release|x64
		{E5E99F88-A28D-45BE-94FF-A32468D41F42}.Release|x64.Build.0 = Release|x64
		{E5E99F88-A28D-45BE-94FF-A32468D41F42}.Release|x86.ActiveCfg = Release|Win32
		{E5E99F88-A28D-45BE-94FF-A32468D41F42}.Release|x86.Build.0 = Release|Win32
	EndGlobalSection
	GlobalSection(SolutionProperties) = preSolution
		HideSolutionNode = FALSE
	EndGlobalSection
	GlobalSection(ExtensibilityGlobals) = postSolution
		SolutionGuid = {2E14BD30-20B6-4E98-9828-306AF88AFFAF}
	EndGlobalSection
EndGlobal
