
Microsoft Visual Studio Solution File, Format Version 11.00
# Visual C++ Express 2010
Project("{8BC9CEB8-8B4A-11D0-8D11-00A0C91BC942}") = "BOJ_2004", "BOJ_2004\BOJ_2004.vcxproj", "{D752585A-E108-40A7-8955-25201A3D94AC}"
EndProject
Global
	GlobalSection(SolutionConfigurationPlatforms) = preSolution
		Debug|Win32 = Debug|Win32
		Release|Win32 = Release|Win32
	EndGlobalSection
	GlobalSection(ProjectConfigurationPlatforms) = postSolution
		{D752585A-E108-40A7-8955-25201A3D94AC}.Debug|Win32.ActiveCfg = Debug|Win32
		{D752585A-E108-40A7-8955-25201A3D94AC}.Debug|Win32.Build.0 = Debug|Win32
		{D752585A-E108-40A7-8955-25201A3D94AC}.Release|Win32.ActiveCfg = Release|Win32
		{D752585A-E108-40A7-8955-25201A3D94AC}.Release|Win32.Build.0 = Release|Win32
	EndGlobalSection
	GlobalSection(SolutionProperties) = preSolution
		HideSolutionNode = FALSE
	EndGlobalSection
EndGlobal
