
Microsoft Visual Studio Solution File, Format Version 11.00
# Visual C++ Express 2010
Project("{8BC9CEB8-8B4A-11D0-8D11-00A0C91BC942}") = "BOJ_10990", "BOJ_10990\BOJ_10990.vcxproj", "{29C991CD-1FB5-4B6A-A551-7C88945ED947}"
EndProject
Global
	GlobalSection(SolutionConfigurationPlatforms) = preSolution
		Debug|Win32 = Debug|Win32
		Release|Win32 = Release|Win32
	EndGlobalSection
	GlobalSection(ProjectConfigurationPlatforms) = postSolution
		{29C991CD-1FB5-4B6A-A551-7C88945ED947}.Debug|Win32.ActiveCfg = Debug|Win32
		{29C991CD-1FB5-4B6A-A551-7C88945ED947}.Debug|Win32.Build.0 = Debug|Win32
		{29C991CD-1FB5-4B6A-A551-7C88945ED947}.Release|Win32.ActiveCfg = Release|Win32
		{29C991CD-1FB5-4B6A-A551-7C88945ED947}.Release|Win32.Build.0 = Release|Win32
	EndGlobalSection
	GlobalSection(SolutionProperties) = preSolution
		HideSolutionNode = FALSE
	EndGlobalSection
EndGlobal
