
Microsoft Visual Studio Solution File, Format Version 12.00
# Visual Studio Version 16
VisualStudioVersion = 16.0.31229.75
MinimumVisualStudioVersion = 10.0.40219.1
Project("{8BC9CEB8-8B4A-11D0-8D11-00A0C91BC942}") = "BOJ_9375", "BOJ_9375\BOJ_9375.vcxproj", "{C19FC3DC-748A-4A5D-BD92-EB4ECBA688EB}"
EndProject
Global
	GlobalSection(SolutionConfigurationPlatforms) = preSolution
		Debug|x64 = Debug|x64
		Debug|x86 = Debug|x86
		Release|x64 = Release|x64
		Release|x86 = Release|x86
	EndGlobalSection
	GlobalSection(ProjectConfigurationPlatforms) = postSolution
		{C19FC3DC-748A-4A5D-BD92-EB4ECBA688EB}.Debug|x64.ActiveCfg = Debug|x64
		{C19FC3DC-748A-4A5D-BD92-EB4ECBA688EB}.Debug|x64.Build.0 = Debug|x64
		{C19FC3DC-748A-4A5D-BD92-EB4ECBA688EB}.Debug|x86.ActiveCfg = Debug|Win32
		{C19FC3DC-748A-4A5D-BD92-EB4ECBA688EB}.Debug|x86.Build.0 = Debug|Win32
		{C19FC3DC-748A-4A5D-BD92-EB4ECBA688EB}.Release|x64.ActiveCfg = Release|x64
		{C19FC3DC-748A-4A5D-BD92-EB4ECBA688EB}.Release|x64.Build.0 = Release|x64
		{C19FC3DC-748A-4A5D-BD92-EB4ECBA688EB}.Release|x86.ActiveCfg = Release|Win32
		{C19FC3DC-748A-4A5D-BD92-EB4ECBA688EB}.Release|x86.Build.0 = Release|Win32
	EndGlobalSection
	GlobalSection(SolutionProperties) = preSolution
		HideSolutionNode = FALSE
	EndGlobalSection
	GlobalSection(ExtensibilityGlobals) = postSolution
		SolutionGuid = {B31CF9A3-3A59-4323-8CA7-A5E3ACBE7D85}
	EndGlobalSection
EndGlobal
