
Microsoft Visual Studio Solution File, Format Version 11.00
# Visual C++ Express 2010
Project("{8BC9CEB8-8B4A-11D0-8D11-00A0C91BC942}") = "BOJ_2636", "BOJ_2636\BOJ_2636.vcxproj", "{50E12D7B-81E9-4A4D-8ED8-411A3F21C955}"
EndProject
Global
	GlobalSection(SolutionConfigurationPlatforms) = preSolution
		Debug|Win32 = Debug|Win32
		Release|Win32 = Release|Win32
	EndGlobalSection
	GlobalSection(ProjectConfigurationPlatforms) = postSolution
		{50E12D7B-81E9-4A4D-8ED8-411A3F21C955}.Debug|Win32.ActiveCfg = Debug|Win32
		{50E12D7B-81E9-4A4D-8ED8-411A3F21C955}.Debug|Win32.Build.0 = Debug|Win32
		{50E12D7B-81E9-4A4D-8ED8-411A3F21C955}.Release|Win32.ActiveCfg = Release|Win32
		{50E12D7B-81E9-4A4D-8ED8-411A3F21C955}.Release|Win32.Build.0 = Release|Win32
	EndGlobalSection
	GlobalSection(SolutionProperties) = preSolution
		HideSolutionNode = FALSE
	EndGlobalSection
EndGlobal
