
Microsoft Visual Studio Solution File, Format Version 12.00
# Visual Studio Version 16
VisualStudioVersion = 16.0.31229.75
MinimumVisualStudioVersion = 10.0.40219.1
Project("{8BC9CEB8-8B4A-11D0-8D11-00A0C91BC942}") = "BOJ_2669", "BOJ_2669\BOJ_2669.vcxproj", "{1313FC7A-2086-4986-8346-74EFA382B1BB}"
EndProject
Global
	GlobalSection(SolutionConfigurationPlatforms) = preSolution
		Debug|x64 = Debug|x64
		Debug|x86 = Debug|x86
		Release|x64 = Release|x64
		Release|x86 = Release|x86
	EndGlobalSection
	GlobalSection(ProjectConfigurationPlatforms) = postSolution
		{1313FC7A-2086-4986-8346-74EFA382B1BB}.Debug|x64.ActiveCfg = Debug|x64
		{1313FC7A-2086-4986-8346-74EFA382B1BB}.Debug|x64.Build.0 = Debug|x64
		{1313FC7A-2086-4986-8346-74EFA382B1BB}.Debug|x86.ActiveCfg = Debug|Win32
		{1313FC7A-2086-4986-8346-74EFA382B1BB}.Debug|x86.Build.0 = Debug|Win32
		{1313FC7A-2086-4986-8346-74EFA382B1BB}.Release|x64.ActiveCfg = Release|x64
		{1313FC7A-2086-4986-8346-74EFA382B1BB}.Release|x64.Build.0 = Release|x64
		{1313FC7A-2086-4986-8346-74EFA382B1BB}.Release|x86.ActiveCfg = Release|Win32
		{1313FC7A-2086-4986-8346-74EFA382B1BB}.Release|x86.Build.0 = Release|Win32
	EndGlobalSection
	GlobalSection(SolutionProperties) = preSolution
		HideSolutionNode = FALSE
	EndGlobalSection
	GlobalSection(ExtensibilityGlobals) = postSolution
		SolutionGuid = {11E73305-A841-4E39-A65E-A02DF1B0AE3C}
	EndGlobalSection
EndGlobal
