
Microsoft Visual Studio Solution File, Format Version 11.00
# Visual C++ Express 2010
Project("{8BC9CEB8-8B4A-11D0-8D11-00A0C91BC942}") = "BOJ_2751", "BOJ_2751\BOJ_2751.vcxproj", "{9001A68C-54B2-4FFA-9C9E-AE220E5B2564}"
EndProject
Global
	GlobalSection(SolutionConfigurationPlatforms) = preSolution
		Debug|Win32 = Debug|Win32
		Release|Win32 = Release|Win32
	EndGlobalSection
	GlobalSection(ProjectConfigurationPlatforms) = postSolution
		{9001A68C-54B2-4FFA-9C9E-AE220E5B2564}.Debug|Win32.ActiveCfg = Debug|Win32
		{9001A68C-54B2-4FFA-9C9E-AE220E5B2564}.Debug|Win32.Build.0 = Debug|Win32
		{9001A68C-54B2-4FFA-9C9E-AE220E5B2564}.Release|Win32.ActiveCfg = Release|Win32
		{9001A68C-54B2-4FFA-9C9E-AE220E5B2564}.Release|Win32.Build.0 = Release|Win32
	EndGlobalSection
	GlobalSection(SolutionProperties) = preSolution
		HideSolutionNode = FALSE
	EndGlobalSection
EndGlobal
