
Microsoft Visual Studio Solution File, Format Version 11.00
# Visual C++ Express 2010
Project("{8BC9CEB8-8B4A-11D0-8D11-00A0C91BC942}") = "BOJ_11655", "BOJ_11655\BOJ_11655.vcxproj", "{F0F4FBE2-9DF3-42F0-9BDC-9BB97C8BE0BD}"
EndProject
Global
	GlobalSection(SolutionConfigurationPlatforms) = preSolution
		Debug|Win32 = Debug|Win32
		Release|Win32 = Release|Win32
	EndGlobalSection
	GlobalSection(ProjectConfigurationPlatforms) = postSolution
		{F0F4FBE2-9DF3-42F0-9BDC-9BB97C8BE0BD}.Debug|Win32.ActiveCfg = Debug|Win32
		{F0F4FBE2-9DF3-42F0-9BDC-9BB97C8BE0BD}.Debug|Win32.Build.0 = Debug|Win32
		{F0F4FBE2-9DF3-42F0-9BDC-9BB97C8BE0BD}.Release|Win32.ActiveCfg = Release|Win32
		{F0F4FBE2-9DF3-42F0-9BDC-9BB97C8BE0BD}.Release|Win32.Build.0 = Release|Win32
	EndGlobalSection
	GlobalSection(SolutionProperties) = preSolution
		HideSolutionNode = FALSE
	EndGlobalSection
EndGlobal
