
Microsoft Visual Studio Solution File, Format Version 12.00
# Visual Studio Version 16
VisualStudioVersion = 16.0.31229.75
MinimumVisualStudioVersion = 10.0.40219.1
Project("{8BC9CEB8-8B4A-11D0-8D11-00A0C91BC942}") = "BOJ_5218", "BOJ_5218\BOJ_5218.vcxproj", "{C410A2AE-A96E-4DF4-ACF1-4181BB4E7380}"
EndProject
Global
	GlobalSection(SolutionConfigurationPlatforms) = preSolution
		Debug|x64 = Debug|x64
		Debug|x86 = Debug|x86
		Release|x64 = Release|x64
		Release|x86 = Release|x86
	EndGlobalSection
	GlobalSection(ProjectConfigurationPlatforms) = postSolution
		{C410A2AE-A96E-4DF4-ACF1-4181BB4E7380}.Debug|x64.ActiveCfg = Debug|x64
		{C410A2AE-A96E-4DF4-ACF1-4181BB4E7380}.Debug|x64.Build.0 = Debug|x64
		{C410A2AE-A96E-4DF4-ACF1-4181BB4E7380}.Debug|x86.ActiveCfg = Debug|Win32
		{C410A2AE-A96E-4DF4-ACF1-4181BB4E7380}.Debug|x86.Build.0 = Debug|Win32
		{C410A2AE-A96E-4DF4-ACF1-4181BB4E7380}.Release|x64.ActiveCfg = Release|x64
		{C410A2AE-A96E-4DF4-ACF1-4181BB4E7380}.Release|x64.Build.0 = Release|x64
		{C410A2AE-A96E-4DF4-ACF1-4181BB4E7380}.Release|x86.ActiveCfg = Release|Win32
		{C410A2AE-A96E-4DF4-ACF1-4181BB4E7380}.Release|x86.Build.0 = Release|Win32
	EndGlobalSection
	GlobalSection(SolutionProperties) = preSolution
		HideSolutionNode = FALSE
	EndGlobalSection
	GlobalSection(ExtensibilityGlobals) = postSolution
		SolutionGuid = {69B5F417-E5A1-4799-935D-E1052674DA28}
	EndGlobalSection
EndGlobal
