
Microsoft Visual Studio Solution File, Format Version 11.00
# Visual C++ Express 2010
Project("{8BC9CEB8-8B4A-11D0-8D11-00A0C91BC942}") = "BOJ_1406", "BOJ_1406\BOJ_1406.vcxproj", "{EF28B3F7-34F6-4D5D-9889-0739EEA739A0}"
EndProject
Global
	GlobalSection(SolutionConfigurationPlatforms) = preSolution
		Debug|Win32 = Debug|Win32
		Release|Win32 = Release|Win32
	EndGlobalSection
	GlobalSection(ProjectConfigurationPlatforms) = postSolution
		{EF28B3F7-34F6-4D5D-9889-0739EEA739A0}.Debug|Win32.ActiveCfg = Debug|Win32
		{EF28B3F7-34F6-4D5D-9889-0739EEA739A0}.Debug|Win32.Build.0 = Debug|Win32
		{EF28B3F7-34F6-4D5D-9889-0739EEA739A0}.Release|Win32.ActiveCfg = Release|Win32
		{EF28B3F7-34F6-4D5D-9889-0739EEA739A0}.Release|Win32.Build.0 = Release|Win32
	EndGlobalSection
	GlobalSection(SolutionProperties) = preSolution
		HideSolutionNode = FALSE
	EndGlobalSection
EndGlobal
